
Microsoft Visual Studio Solution File, Format Version 12.00
# Visual Studio Version 16
VisualStudioVersion = 16.0.29209.62
MinimumVisualStudioVersion = 10.0.40219.1
Project("{FAE04EC0-301F-11D3-BF4B-00C04F79EFBC}") = "ShopUI", "ShopUI\ShopUI.csproj", "{FAD0962B-132E-4A0E-B48F-FD8164682EC5}"
EndProject
Project("{FAE04EC0-301F-11D3-BF4B-00C04F79EFBC}") = "Shop.DAL", "Shop.DAL\Shop.DAL.csproj", "{BFF446E8-224D-4160-B4B2-123A3910B415}"
EndProject
Project("{FAE04EC0-301F-11D3-BF4B-00C04F79EFBC}") = "Shop.BLL", "Shop.BLL\Shop.BLL.csproj", "{93BB3901-F573-4BAD-97CD-7F4ADD84B369}"
EndProject
Global
	GlobalSection(SolutionConfigurationPlatforms) = preSolution
		Debug|Any CPU = Debug|Any CPU
		Release|Any CPU = Release|Any CPU
	EndGlobalSection
	GlobalSection(ProjectConfigurationPlatforms) = postSolution
		{FAD0962B-132E-4A0E-B48F-FD8164682EC5}.Debug|Any CPU.ActiveCfg = Debug|Any CPU
		{FAD0962B-132E-4A0E-B48F-FD8164682EC5}.Debug|Any CPU.Build.0 = Debug|Any CPU
		{FAD0962B-132E-4A0E-B48F-FD8164682EC5}.Release|Any CPU.ActiveCfg = Release|Any CPU
		{FAD0962B-132E-4A0E-B48F-FD8164682EC5}.Release|Any CPU.Build.0 = Release|Any CPU
		{BFF446E8-224D-4160-B4B2-123A3910B415}.Debug|Any CPU.ActiveCfg = Debug|Any CPU
		{BFF446E8-224D-4160-B4B2-123A3910B415}.Debug|Any CPU.Build.0 = Debug|Any CPU
		{BFF446E8-224D-4160-B4B2-123A3910B415}.Release|Any CPU.ActiveCfg = Release|Any CPU
		{BFF446E8-224D-4160-B4B2-123A3910B415}.Release|Any CPU.Build.0 = Release|Any CPU
		{93BB3901-F573-4BAD-97CD-7F4ADD84B369}.Debug|Any CPU.ActiveCfg = Debug|Any CPU
		{93BB3901-F573-4BAD-97CD-7F4ADD84B369}.Debug|Any CPU.Build.0 = Debug|Any CPU
		{93BB3901-F573-4BAD-97CD-7F4ADD84B369}.Release|Any CPU.ActiveCfg = Release|Any CPU
		{93BB3901-F573-4BAD-97CD-7F4ADD84B369}.Release|Any CPU.Build.0 = Release|Any CPU
	EndGlobalSection
	GlobalSection(SolutionProperties) = preSolution
		HideSolutionNode = FALSE
	EndGlobalSection
	GlobalSection(ExtensibilityGlobals) = postSolution
		SolutionGuid = {4672CEB8-BE45-47FB-AE3A-CE4E45423498}
	EndGlobalSection
EndGlobal
